
Microsoft Visual Studio Solution File, Format Version 12.00
# Visual Studio Version 17
VisualStudioVersion = 17.1.32228.430
MinimumVisualStudioVersion = 10.0.40219.1
Project("{9A19103F-16F7-4668-BE54-9A1E7A4F7556}") = "Introduce", "Introduce\Introduce.csproj", "{01538138-556C-45C1-95A6-A556F86396C4}"
EndProject
Project("{9A19103F-16F7-4668-BE54-9A1E7A4F7556}") = "Introduce.Data", "Introduce.Data\Introduce.Data.csproj", "{D9344A15-1E1D-4CBB-9E35-91706FA714F3}"
EndProject
Project("{9A19103F-16F7-4668-BE54-9A1E7A4F7556}") = "Introduce.Services", "Introduce.Services\Introduce.Services.csproj", "{1C583177-4CFB-48DF-AC23-3AFF266E9DEC}"
EndProject
Global
	GlobalSection(SolutionConfigurationPlatforms) = preSolution
		Debug|Any CPU = Debug|Any CPU
		Release|Any CPU = Release|Any CPU
	EndGlobalSection
	GlobalSection(ProjectConfigurationPlatforms) = postSolution
		{01538138-556C-45C1-95A6-A556F86396C4}.Debug|Any CPU.ActiveCfg = Debug|Any CPU
		{01538138-556C-45C1-95A6-A556F86396C4}.Debug|Any CPU.Build.0 = Debug|Any CPU
		{01538138-556C-45C1-95A6-A556F86396C4}.Release|Any CPU.ActiveCfg = Release|Any CPU
		{01538138-556C-45C1-95A6-A556F86396C4}.Release|Any CPU.Build.0 = Release|Any CPU
		{D9344A15-1E1D-4CBB-9E35-91706FA714F3}.Debug|Any CPU.ActiveCfg = Debug|Any CPU
		{D9344A15-1E1D-4CBB-9E35-91706FA714F3}.Debug|Any CPU.Build.0 = Debug|Any CPU
		{D9344A15-1E1D-4CBB-9E35-91706FA714F3}.Release|Any CPU.ActiveCfg = Release|Any CPU
		{D9344A15-1E1D-4CBB-9E35-91706FA714F3}.Release|Any CPU.Build.0 = Release|Any CPU
		{1C583177-4CFB-48DF-AC23-3AFF266E9DEC}.Debug|Any CPU.ActiveCfg = Debug|Any CPU
		{1C583177-4CFB-48DF-AC23-3AFF266E9DEC}.Debug|Any CPU.Build.0 = Debug|Any CPU
		{1C583177-4CFB-48DF-AC23-3AFF266E9DEC}.Release|Any CPU.ActiveCfg = Release|Any CPU
		{1C583177-4CFB-48DF-AC23-3AFF266E9DEC}.Release|Any CPU.Build.0 = Release|Any CPU
	EndGlobalSection
	GlobalSection(SolutionProperties) = preSolution
		HideSolutionNode = FALSE
	EndGlobalSection
	GlobalSection(ExtensibilityGlobals) = postSolution
		SolutionGuid = {50400B3F-E616-4EBC-97A1-AA9B08177EAD}
	EndGlobalSection
EndGlobal
